// !$*UTF8*$!
{
	archiveVersion = 1;
	classes = {
	};
	objectVersion = 50;
	objects = {

/* Begin PBXBuildFile section */
		E3BFB0FF209C0A1F00D6C286 /* AppDelegate.swift in Sources */ = {isa = PBXBuildFile; fileRef = E3BFB0FE209C0A1F00D6C286 /* AppDelegate.swift */; };
		E3BFB101209C0A1F00D6C286 /* ViewController.swift in Sources */ = {isa = PBXBuildFile; fileRef = E3BFB100209C0A1F00D6C286 /* ViewController.swift */; };
		E3BFB104209C0A1F00D6C286 /* Main.storyboard in Resources */ = {isa = PBXBuildFile; fileRef = E3BFB102209C0A1F00D6C286 /* Main.storyboard */; };
		E3BFB106209C0A2100D6C286 /* Assets.xcassets in Resources */ = {isa = PBXBuildFile; fileRef = E3BFB105209C0A2100D6C286 /* Assets.xcassets */; };
		E3BFB109209C0A2100D6C286 /* LaunchScreen.storyboard in Resources */ = {isa = PBXBuildFile; fileRef = E3BFB107209C0A2100D6C286 /* LaunchScreen.storyboard */; };
/* End PBXBuildFile section */

/* Begin PBXFileReference section */
		E3BFB0FB209C0A1F00D6C286 /* HDSewingApp.app */ = {isa = PBXFileReference; explicitFileType = wrapper.application; includeInIndex = 0; path = HDSewingApp.app; sourceTree = BUILT_PRODUCTS_DIR; };
		E3BFB0FE209C0A1F00D6C286 /* AppDelegate.swift */ = {isa = PBXFileReference; lastKnownFileType = sourcecode.swift; path = AppDelegate.swift; sourceTree = "<group>"; };
		E3BFB100209C0A1F00D6C286 /* ViewController.swift */ = {isa = PBXFileReference; lastKnownFileType = sourcecode.swift; path = ViewController.swift; sourceTree = "<group>"; };
		E3BFB103209C0A1F00D6C286 /* Base */ = {isa = PBXFileReference; lastKnownFileType = file.storyboard; name = Base; path = Base.lproj/Main.storyboard; sourceTree = "<group>"; };
		E3BFB105209C0A2100D6C286 /* Assets.xcassets */ = {isa = PBXFileReference; lastKnownFileType = folder.assetcatalog; path = Assets.xcassets; sourceTree = "<group>"; };
		E3BFB108209C0A2100D6C286 /* Base */ = {isa = PBXFileReference; lastKnownFileType = file.storyboard; name = Base; path = Base.lproj/LaunchScreen.storyboard; sourceTree = "<group>"; };
		E3BFB10A209C0A2100D6C286 /* Info.plist */ = {isa = PBXFileReference; lastKnownFileType = text.plist.xml; path = Info.plist; sourceTree = "<group>"; };
/* End PBXFileReference section */

/* Begin PBXFrameworksBuildPhase section */
		E3BFB0F8209C0A1F00D6C286 /* Frameworks */ = {
			isa = PBXFrameworksBuildPhase;
			buildActionMask = 2147483647;
			files = (
			);
			runOnlyForDeploymentPostprocessing = 0;
		};
/* End PBXFrameworksBuildPhase section */

/* Begin PBXGroup section */
		E3BFB0F2209C0A1F00D6C286 = {
			isa = PBXGroup;
			children = (
				E3BFB0FD209C0A1F00D6C286 /* HDSewingApp */,
				E3BFB0FC209C0A1F00D6C286 /* Products */,
			);
			sourceTree = "<group>";
		};
		E3BFB0FC209C0A1F00D6C286 /* Products */ = {
			isa = PBXGroup;
			children = (
				E3BFB0FB209C0A1F00D6C286 /* HDSewingApp.app */,
			);
			name = Products;
			sourceTree = "<group>";
		};
		E3BFB0FD209C0A1F00D6C286 /* HDSewingApp */ = {
			isa = PBXGroup;
			children = (
				E3BFB0FE209C0A1F00D6C286 /* AppDelegate.swift */,
				E3BFB100209C0A1F00D6C286 /* ViewController.swift */,
				E3BFB102209C0A1F00D6C286 /* Main.storyboard */,
				E3BFB105209C0A2100D6C286 /* Assets.xcassets */,
				E3BFB107209C0A2100D6C286 /* LaunchScreen.storyboard */,
				E3BFB10A209C0A2100D6C286 /* Info.plist */,
			);
			path = HDSewingApp;
			sourceTree = "<group>";
		};
/* End PBXGroup section */

/* Begin PBXNativeTarget section */
		E3BFB0FA209C0A1F00D6C286 /* HDSewingApp */ = {
			isa = PBXNativeTarget;
			buildConfigurationList = E3BFB10D209C0A2100D6C286 /* Build configuration list for PBXNativeTarget "HDSewingApp" */;
			buildPhases = (
				E3BFB0F7209C0A1F00D6C286 /* Sources */,
				E3BFB0F8209C0A1F00D6C286 /* Frameworks */,
				E3BFB0F9209C0A1F00D6C286 /* Resources */,
			);
			buildRules = (
			);
			dependencies = (
			);
			name = HDSewingApp;
			productName = HDSewingApp;
			productReference = E3BFB0FB209C0A1F00D6C286 /* HDSewingApp.app */;
			productType = "com.apple.product-type.application";
		};
/* End PBXNativeTarget section */

/* Begin PBXProject section */
		E3BFB0F3209C0A1F00D6C286 /* Project object */ = {
			isa = PBXProject;
			attributes = {
				LastSwiftUpdateCheck = 0930;
				LastUpgradeCheck = 0930;
				ORGANIZATIONNAME = "Hoàng Duy";
				TargetAttributes = {
					E3BFB0FA209C0A1F00D6C286 = {
						CreatedOnToolsVersion = 9.3;
					};
				};
			};
			buildConfigurationList = E3BFB0F6209C0A1F00D6C286 /* Build configuration list for PBXProject "HDSewingApp" */;
			compatibilityVersion = "Xcode 9.3";
			developmentRegion = en;
			hasScannedForEncodings = 0;
			knownRegions = (
				en,
				Base,
			);
			mainGroup = E3BFB0F2209C0A1F00D6C286;
			productRefGroup = E3BFB0FC209C0A1F00D6C286 /* Products */;
			projectDirPath = "";
			projectRoot = "";
			targets = (
				E3BFB0FA209C0A1F00D6C286 /* HDSewingApp */,
			);
		};
/* End PBXProject section */

/* Begin PBXResourcesBuildPhase section */
		E3BFB0F9209C0A1F00D6C286 /* Resources */ = {
			isa = PBXResourcesBuildPhase;
			buildActionMask = 2147483647;
			files = (
				E3BFB109209C0A2100D6C286 /* LaunchScreen.storyboard in Resources */,
				E3BFB106209C0A2100D6C286 /* Assets.xcassets in Resources */,
				E3BFB104209C0A1F00D6C286 /* Main.storyboard in Resources */,
			);
			runOnlyForDeploymentPostprocessing = 0;
		};
/* End PBXResourcesBuildPhase section */

/* Begin PBXSourcesBuildPhase section */
		E3BFB0F7209C0A1F00D6C286 /* Sources */ = {
			isa = PBXSourcesBuildPhase;
			buildActionMask = 2147483647;
			files = (
				E3BFB101209C0A1F00D6C286 /* ViewController.swift in Sources */,
				E3BFB0FF209C0A1F00D6C286 /* AppDelegate.swift in Sources */,
			);
			runOnlyForDeploymentPostprocessing = 0;
		};
/* End PBXSourcesBuildPhase section */

/* Begin PBXVariantGroup section */
		E3BFB102209C0A1F00D6C286 /* Main.storyboard */ = {
			isa = PBXVariantGroup;
			children = (
				E3BFB103209C0A1F00D6C286 /* Base */,
			);
			name = Main.storyboard;
			sourceTree = "<group>";
		};
		E3BFB107209C0A2100D6C286 /* LaunchScreen.storyboard */ = {
			isa = PBXVariantGroup;
			children = (
				E3BFB108209C0A2100D6C286 /* Base */,
			);
			name = LaunchScreen.storyboard;
			sourceTree = "<group>";
		};
/* End PBXVariantGroup section */

/* Begin XCBuildConfiguration section */
		E3BFB10B209C0A2100D6C286 /* Debug */ = {
			isa = XCBuildConfiguration;
			buildSettings = {
				ALWAYS_SEARCH_USER_PATHS = NO;
				CLANG_ANALYZER_NONNULL = YES;
				CLANG_ANALYZER_NUMBER_OBJECT_CONVERSION = YES_AGGRESSIVE;
				CLANG_CXX_LANGUAGE_STANDARD = "gnu++14";
				CLANG_CXX_LIBRARY = "libc++";
				CLANG_ENABLE_MODULES = YES;
				CLANG_ENABLE_OBJC_ARC = YES;
				CLANG_ENABLE_OBJC_WEAK = YES;
				CLANG_WARN_BLOCK_CAPTURE_AUTORELEASING = YES;
				CLANG_WARN_BOOL_CONVERSION = YES;
				CLANG_WARN_COMMA = YES;
				CLANG_WARN_CONSTANT_CONVERSION = YES;
				CLANG_WARN_DEPRECATED_OBJC_IMPLEMENTATIONS = YES;
				CLANG_WARN_DIRECT_OBJC_ISA_USAGE = YES_ERROR;
				CLANG_WARN_DOCUMENTATION_COMMENTS = YES;
				CLANG_WARN_EMPTY_BODY = YES;
				CLANG_WARN_ENUM_CONVERSION = YES;
				CLANG_WARN_INFINITE_RECURSION = YES;
				CLANG_WARN_INT_CONVERSION = YES;
				CLANG_WARN_NON_LITERAL_NULL_CONVERSION = YES;
				CLANG_WARN_OBJC_IMPLICIT_RETAIN_SELF = YES;
				CLANG_WARN_OBJC_LITERAL_CONVERSION = YES;
				CLANG_WARN_OBJC_ROOT_CLASS = YES_ERROR;
				CLANG_WARN_RANGE_LOOP_ANALYSIS = YES;
				CLANG_WARN_STRICT_PROTOTYPES = YES;
				CLANG_WARN_SUSPICIOUS_MOVE = YES;
				CLANG_WARN_UNGUARDED_AVAILABILITY = YES_AGGRESSIVE;
				CLANG_WARN_UNREACHABLE_CODE = YES;
				CLANG_WARN__DUPLICATE_METHOD_MATCH = YES;
				CODE_SIGN_IDENTITY = "iPhone Developer";
				COPY_PHASE_STRIP = NO;
				DEBUG_INFORMATION_FORMAT = dwarf;
				ENABLE_STRICT_OBJC_MSGSEND = YES;
				ENABLE_TESTABILITY = YES;
				GCC_C_LANGUAGE_STANDARD = gnu11;
				GCC_DYNAMIC_NO_PIC = NO;
				GCC_NO_COMMON_BLOCKS = YES;
				GCC_OPTIMIZATION_LEVEL = 0;
				GCC_PREPROCESSOR_DEFINITIONS = (
					"DEBUG=1",
					"$(inherited)",
				);
				GCC_WARN_64_TO_32_BIT_CONVERSION = YES;
				GCC_WARN_ABOUT_RETURN_TYPE = YES_ERROR;
				GCC_WARN_UNDECLARED_SELECTOR = YES;
				GCC_WARN_UNINITIALIZED_AUTOS = YES_AGGRESSIVE;
				GCC_WARN_UNUSED_FUNCTION = YES;
				GCC_WARN_UNUSED_VARIABLE = YES;
				IPHONEOS_DEPLOYMENT_TARGET = 11.3;
				MTL_ENABLE_DEBUG_INFO = YES;
				ONLY_ACTIVE_ARCH = YES;
				SDKROOT = iphoneos;
				SWIFT_ACTIVE_COMPILATION_CONDITIONS = DEBUG;
				SWIFT_OPTIMIZATION_LEVEL = "-Onone";
			};
			name = Debug;
		};
		E3BFB10C209C0A2100D6C286 /* Release */ = {
			isa = XCBuildConfiguration;
			buildSettings = {
				ALWAYS_SEARCH_USER_PATHS = NO;
				CLANG_ANALYZER_NONNULL = YES;
				CLANG_ANALYZER_NUMBER_OBJECT_CONVERSION = YES_AGGRESSIVE;
				CLANG_CXX_LANGUAGE_STANDARD = "gnu++14";
				CLANG_CXX_LIBRARY = "libc++";
				CLANG_ENABLE_MODULES = YES;
				CLANG_ENABLE_OBJC_ARC = YES;
				CLANG_ENABLE_OBJC_WEAK = YES;
				CLANG_WARN_BLOCK_CAPTURE_AUTORELEASING = YES;
				CLANG_WARN_BOOL_CONVERSION = YES;
				CLANG_WARN_COMMA = YES;
				CLANG_WARN_CONSTANT_CONVERSION = YES;
				CLANG_WARN_DEPRECATED_OBJC_IMPLEMENTATIONS = YES;
				CLANG_WARN_DIRECT_OBJC_ISA_USAGE = YES_ERROR;
				CLANG_WARN_DOCUMENTATION_COMMENTS = YES;
				CLANG_WARN_EMPTY_BODY = YES;
				CLANG_WARN_ENUM_CONVERSION = YES;
				CLANG_WARN_INFINITE_RECURSION = YES;
				CLANG_WARN_INT_CONVERSION = YES;
				CLANG_WARN_NON_LITERAL_NULL_CONVERSION = YES;
				CLANG_WARN_OBJC_IMPLICIT_RETAIN_SELF = YES;
				CLANG_WARN_OBJC_LITERAL_CONVERSION = YES;
				CLANG_WARN_OBJC_ROOT_CLASS = YES_ERROR;
				CLANG_WARN_RANGE_LOOP_ANALYSIS = YES;
				CLANG_WARN_STRICT_PROTOTYPES = YES;
				CLANG_WARN_SUSPICIOUS_MOVE = YES;
				CLANG_WARN_UNGUARDED_AVAILABILITY = YES_AGGRESSIVE;
				CLANG_WARN_UNREACHABLE_CODE = YES;
				CLANG_WARN__DUPLICATE_METHOD_MATCH = YES;
				CODE_SIGN_IDENTITY = "iPhone Developer";
				COPY_PHASE_STRIP = NO;
				DEBUG_INFORMATION_FORMAT = "dwarf-with-dsym";
				ENABLE_NS_ASSERTIONS = NO;
				ENABLE_STRICT_OBJC_MSGSEND = YES;
				GCC_C_LANGUAGE_STANDARD = gnu11;
				GCC_NO_COMMON_BLOCKS = YES;
				GCC_WARN_64_TO_32_BIT_CONVERSION = YES;
				GCC_WARN_ABOUT_RETURN_TYPE = YES_ERROR;
				GCC_WARN_UNDECLARED_SELECTOR = YES;
				GCC_WARN_UNINITIALIZED_AUTOS = YES_AGGRESSIVE;
				GCC_WARN_UNUSED_FUNCTION = YES;
				GCC_WARN_UNUSED_VARIABLE = YES;
				IPHONEOS_DEPLOYMENT_TARGET = 11.3;
				MTL_ENABLE_DEBUG_INFO = NO;
				SDKROOT = iphoneos;
				SWIFT_COMPILATION_MODE = wholemodule;
				SWIFT_OPTIMIZATION_LEVEL = "-O";
				VALIDATE_PRODUCT = YES;
			};
			name = Release;
		};
		E3BFB10E209C0A2100D6C286 /* Debug */ = {
			isa = XCBuildConfiguration;
			buildSettings = {
				ASSETCATALOG_COMPILER_APPICON_NAME = AppIcon;
				CODE_SIGN_STYLE = Automatic;
				DEVELOPMENT_TEAM = 8PGCXCTA54;
				INFOPLIST_FILE = HDSewingApp/Info.plist;
				LD_RUNPATH_SEARCH_PATHS = (
					"$(inherited)",
					"@executable_path/Frameworks",
				);
				PRODUCT_BUNDLE_IDENTIFIER = com.HD.HDSewingApp;
				PRODUCT_NAME = "$(TARGET_NAME)";
				SWIFT_VERSION = 4.0;
				TARGETED_DEVICE_FAMILY = "1,2";
			};
			name = Debug;
		};
		E3BFB10F209C0A2100D6C286 /* Release */ = {
			isa = XCBuildConfiguration;
			buildSettings = {
				ASSETCATALOG_COMPILER_APPICON_NAME = AppIcon;
				CODE_SIGN_STYLE = Automatic;
				DEVELOPMENT_TEAM = 8PGCXCTA54;
				INFOPLIST_FILE = HDSewingApp/Info.plist;
				LD_RUNPATH_SEARCH_PATHS = (
					"$(inherited)",
					"@executable_path/Frameworks",
				);
				PRODUCT_BUNDLE_IDENTIFIER = com.HD.HDSewingApp;
				PRODUCT_NAME = "$(TARGET_NAME)";
				SWIFT_VERSION = 4.0;
				TARGETED_DEVICE_FAMILY = "1,2";
			};
			name = Release;
		};
/* End XCBuildConfiguration section */

/* Begin XCConfigurationList section */
		E3BFB0F6209C0A1F00D6C286 /* Build configuration list for PBXProject "HDSewingApp" */ = {
			isa = XCConfigurationList;
			buildConfigurations = (
				E3BFB10B209C0A2100D6C286 /* Debug */,
				E3BFB10C209C0A2100D6C286 /* Release */,
			);
			defaultConfigurationIsVisible = 0;
			defaultConfigurationName = Release;
		};
		E3BFB10D209C0A2100D6C286 /* Build configuration list for PBXNativeTarget "HDSewingApp" */ = {
			isa = XCConfigurationList;
			buildConfigurations = (
				E3BFB10E209C0A2100D6C286 /* Debug */,
				E3BFB10F209C0A2100D6C286 /* Release */,
			);
			defaultConfigurationIsVisible = 0;
			defaultConfigurationName = Release;
		};
/* End XCConfigurationList section */
	};
	rootObject = E3BFB0F3209C0A1F00D6C286 /* Project object */;
}
